
Microsoft Visual Studio Solution File, Format Version 12.00
# Visual Studio Version 16
VisualStudioVersion = 16.0.30717.126
MinimumVisualStudioVersion = 10.0.40219.1
Project("{8BC9CEB8-8B4A-11D0-8D11-00A0C91BC942}") = "VMBusChannels", "VMBusChannels\VMBusChannels.vcxproj", "{C5BDA68B-4E03-4CE9-A8D6-F41DDE0F95AF}"
EndProject
Project("{8BC9CEB8-8B4A-11D0-8D11-00A0C91BC942}") = "SharedAll", "SharedAll\SharedAll.vcxitems", "{FF96DF57-78A4-4CDD-AD84-9F821332ECD1}"
EndProject
Project("{8BC9CEB8-8B4A-11D0-8D11-00A0C91BC942}") = "VMBusChannelsExe", "VMBusChannelsExe\VMBusChannelsExe.vcxproj", "{751DBE18-E004-4CE7-A5FC-0E499CE775FE}"
EndProject
Project("{8BC9CEB8-8B4A-11D0-8D11-00A0C91BC942}") = "SharedUserland", "SharedUserland\SharedUserland.vcxitems", "{41F3F3BA-BC38-4BD2-9E2A-EED061E6166E}"
EndProject
Project("{8BC9CEB8-8B4A-11D0-8D11-00A0C91BC942}") = "VMBusChannelsDll", "VMBusChannelsDll\VMBusChannelsDll.vcxproj", "{C3CF6BF8-88D1-4D9F-9992-54F773C60823}"
EndProject
Global
	GlobalSection(SharedMSBuildProjectFiles) = preSolution
		SharedUserland\SharedUserland.vcxitems*{41f3f3ba-bc38-4bd2-9e2a-eed061e6166e}*SharedItemsImports = 9
		SharedAll\SharedAll.vcxitems*{751dbe18-e004-4ce7-a5fc-0e499ce775fe}*SharedItemsImports = 4
		SharedUserland\SharedUserland.vcxitems*{751dbe18-e004-4ce7-a5fc-0e499ce775fe}*SharedItemsImports = 4
		SharedAll\SharedAll.vcxitems*{c3cf6bf8-88d1-4d9f-9992-54f773c60823}*SharedItemsImports = 4
		SharedUserland\SharedUserland.vcxitems*{c3cf6bf8-88d1-4d9f-9992-54f773c60823}*SharedItemsImports = 4
		SharedAll\SharedAll.vcxitems*{c5bda68b-4e03-4ce9-a8d6-f41dde0f95af}*SharedItemsImports = 4
		SharedAll\SharedAll.vcxitems*{ff96df57-78a4-4cdd-ad84-9f821332ecd1}*SharedItemsImports = 9
	EndGlobalSection
	GlobalSection(SolutionConfigurationPlatforms) = preSolution
		Debug|x64 = Debug|x64
		Debug|x86 = Debug|x86
		Release|x64 = Release|x64
		Release|x86 = Release|x86
	EndGlobalSection
	GlobalSection(ProjectConfigurationPlatforms) = postSolution
		{C5BDA68B-4E03-4CE9-A8D6-F41DDE0F95AF}.Debug|x64.ActiveCfg = Release|x64
		{C5BDA68B-4E03-4CE9-A8D6-F41DDE0F95AF}.Debug|x64.Build.0 = Release|x64
		{C5BDA68B-4E03-4CE9-A8D6-F41DDE0F95AF}.Debug|x64.Deploy.0 = Release|x64
		{C5BDA68B-4E03-4CE9-A8D6-F41DDE0F95AF}.Debug|x86.ActiveCfg = Debug|x64
		{C5BDA68B-4E03-4CE9-A8D6-F41DDE0F95AF}.Release|x64.ActiveCfg = Release|x64
		{C5BDA68B-4E03-4CE9-A8D6-F41DDE0F95AF}.Release|x64.Build.0 = Release|x64
		{C5BDA68B-4E03-4CE9-A8D6-F41DDE0F95AF}.Release|x64.Deploy.0 = Release|x64
		{C5BDA68B-4E03-4CE9-A8D6-F41DDE0F95AF}.Release|x86.ActiveCfg = Release|x64
		{751DBE18-E004-4CE7-A5FC-0E499CE775FE}.Debug|x64.ActiveCfg = Debug|x64
		{751DBE18-E004-4CE7-A5FC-0E499CE775FE}.Debug|x64.Build.0 = Debug|x64
		{751DBE18-E004-4CE7-A5FC-0E499CE775FE}.Debug|x86.ActiveCfg = Debug|x64
		{751DBE18-E004-4CE7-A5FC-0E499CE775FE}.Release|x64.ActiveCfg = Release|x64
		{751DBE18-E004-4CE7-A5FC-0E499CE775FE}.Release|x64.Build.0 = Release|x64
		{751DBE18-E004-4CE7-A5FC-0E499CE775FE}.Release|x86.ActiveCfg = Release|x64
		{C3CF6BF8-88D1-4D9F-9992-54F773C60823}.Debug|x64.ActiveCfg = Debug|x64
		{C3CF6BF8-88D1-4D9F-9992-54F773C60823}.Debug|x64.Build.0 = Debug|x64
		{C3CF6BF8-88D1-4D9F-9992-54F773C60823}.Debug|x86.ActiveCfg = Debug|Win32
		{C3CF6BF8-88D1-4D9F-9992-54F773C60823}.Debug|x86.Build.0 = Debug|Win32
		{C3CF6BF8-88D1-4D9F-9992-54F773C60823}.Release|x64.ActiveCfg = Release|x64
		{C3CF6BF8-88D1-4D9F-9992-54F773C60823}.Release|x64.Build.0 = Release|x64
		{C3CF6BF8-88D1-4D9F-9992-54F773C60823}.Release|x86.ActiveCfg = Release|Win32
		{C3CF6BF8-88D1-4D9F-9992-54F773C60823}.Release|x86.Build.0 = Release|Win32
	EndGlobalSection
	GlobalSection(SolutionProperties) = preSolution
		HideSolutionNode = FALSE
	EndGlobalSection
	GlobalSection(ExtensibilityGlobals) = postSolution
		SolutionGuid = {5EDDD3A3-A581-452E-98C1-F6A59FFDB0FB}
	EndGlobalSection
EndGlobal
